
Microsoft Visual Studio Solution File, Format Version 12.00
# Visual Studio 15
VisualStudioVersion = 15.0.27130.2026
MinimumVisualStudioVersion = 10.0.40219.1
Project("{FAE04EC0-301F-11D3-BF4B-00C04F79EFBC}") = "StreamDeckSharp.ExampleCollection.VideoPlayer", "StreamDeckSharp.ExampleCollection\StreamDeckSharp.ExampleCollection.VideoPlayer.csproj", "{E775A0D6-894E-47A1-A0F9-095C0319312D}"
EndProject
Project("{FAE04EC0-301F-11D3-BF4B-00C04F79EFBC}") = "StreamDeckSharp.Extensions", "StreamDeckSharp.Extensions\StreamDeckSharp.Extensions.csproj", "{FC9B88C4-0CC2-4335-AFBF-48D8C42DC7A5}"
EndProject
Project("{FAE04EC0-301F-11D3-BF4B-00C04F79EFBC}") = "StreamDeckSharp", "StreamDeckSharp\src\StreamDeckSharp\StreamDeckSharp.csproj", "{D06AB787-766E-4B28-89C4-8D948070EB1C}"
EndProject
Project("{FAE04EC0-301F-11D3-BF4B-00C04F79EFBC}") = "HidLibrary", "StreamDeckSharp\src\HidLibrary\src\HidLibrary\HidLibrary.csproj", "{9E8F1D50-74EA-4C60-BD5C-AB2C5B53BC66}"
EndProject
Project("{FAE04EC0-301F-11D3-BF4B-00C04F79EFBC}") = "StreamDeckSharp.ExampleCollection.MemoryGame", "StreamDeckSharp.ExampleCollection.MemoryGame\StreamDeckSharp.ExampleCollection.MemoryGame.csproj", "{E47522DE-19FA-40E8-8DAF-786C69BF42B3}"
EndProject
Global
	GlobalSection(SolutionConfigurationPlatforms) = preSolution
		Debug|Any CPU = Debug|Any CPU
		Release|Any CPU = Release|Any CPU
	EndGlobalSection
	GlobalSection(ProjectConfigurationPlatforms) = postSolution
		{E775A0D6-894E-47A1-A0F9-095C0319312D}.Debug|Any CPU.ActiveCfg = Debug|Any CPU
		{E775A0D6-894E-47A1-A0F9-095C0319312D}.Debug|Any CPU.Build.0 = Debug|Any CPU
		{E775A0D6-894E-47A1-A0F9-095C0319312D}.Release|Any CPU.ActiveCfg = Release|Any CPU
		{E775A0D6-894E-47A1-A0F9-095C0319312D}.Release|Any CPU.Build.0 = Release|Any CPU
		{FC9B88C4-0CC2-4335-AFBF-48D8C42DC7A5}.Debug|Any CPU.ActiveCfg = Debug|Any CPU
		{FC9B88C4-0CC2-4335-AFBF-48D8C42DC7A5}.Debug|Any CPU.Build.0 = Debug|Any CPU
		{FC9B88C4-0CC2-4335-AFBF-48D8C42DC7A5}.Release|Any CPU.ActiveCfg = Release|Any CPU
		{FC9B88C4-0CC2-4335-AFBF-48D8C42DC7A5}.Release|Any CPU.Build.0 = Release|Any CPU
		{D06AB787-766E-4B28-89C4-8D948070EB1C}.Debug|Any CPU.ActiveCfg = Debug|Any CPU
		{D06AB787-766E-4B28-89C4-8D948070EB1C}.Debug|Any CPU.Build.0 = Debug|Any CPU
		{D06AB787-766E-4B28-89C4-8D948070EB1C}.Release|Any CPU.ActiveCfg = Release|Any CPU
		{D06AB787-766E-4B28-89C4-8D948070EB1C}.Release|Any CPU.Build.0 = Release|Any CPU
		{9E8F1D50-74EA-4C60-BD5C-AB2C5B53BC66}.Debug|Any CPU.ActiveCfg = Debug|Any CPU
		{9E8F1D50-74EA-4C60-BD5C-AB2C5B53BC66}.Debug|Any CPU.Build.0 = Debug|Any CPU
		{9E8F1D50-74EA-4C60-BD5C-AB2C5B53BC66}.Release|Any CPU.ActiveCfg = Release|Any CPU
		{9E8F1D50-74EA-4C60-BD5C-AB2C5B53BC66}.Release|Any CPU.Build.0 = Release|Any CPU
		{E47522DE-19FA-40E8-8DAF-786C69BF42B3}.Debug|Any CPU.ActiveCfg = Debug|Any CPU
		{E47522DE-19FA-40E8-8DAF-786C69BF42B3}.Debug|Any CPU.Build.0 = Debug|Any CPU
		{E47522DE-19FA-40E8-8DAF-786C69BF42B3}.Release|Any CPU.ActiveCfg = Release|Any CPU
		{E47522DE-19FA-40E8-8DAF-786C69BF42B3}.Release|Any CPU.Build.0 = Release|Any CPU
	EndGlobalSection
	GlobalSection(SolutionProperties) = preSolution
		HideSolutionNode = FALSE
	EndGlobalSection
	GlobalSection(ExtensibilityGlobals) = postSolution
		SolutionGuid = {BADF5F5D-273D-40A9-B9BF-3404FC1045F4}
	EndGlobalSection
EndGlobal
